
Microsoft Visual Studio Solution File, Format Version 12.00
# Visual Studio Version 17
VisualStudioVersion = 17.0.32126.317
MinimumVisualStudioVersion = 10.0.40219.1
Project("{FAE04EC0-301F-11D3-BF4B-00C04F79EFBC}") = "Astoneti.Microservice.Media", "Astoneti.Microservice.Media.csproj", "{36318432-0F06-41C8-AFE2-3F8FD3A256DC}"
EndProject
Project("{2150E333-8FDC-42A3-9474-1A3956D46DE8}") = "src", "src", "{9CBCE2CD-6709-44EE-A50A-DCA4D1AA52A8}"
EndProject
Project("{2150E333-8FDC-42A3-9474-1A3956D46DE8}") = "test", "test", "{7A2F518C-DAFB-4DF2-98DF-2206C3CFD9ED}"
EndProject
Project("{FAE04EC0-301F-11D3-BF4B-00C04F79EFBC}") = "Astoneti.Microservice.Media.IntegrationTests", "..\Astoneti.Microservice.Media.IntegrationTests\Astoneti.Microservice.Media.IntegrationTests.csproj", "{DEB1C08C-6E02-4EA0-92FC-51BD22163A2C}"
EndProject
Project("{FAE04EC0-301F-11D3-BF4B-00C04F79EFBC}") = "Astoneti.Microservice.Media.Tests", "..\Astoneti.Microservice.Media.Tests\Astoneti.Microservice.Media.Tests.csproj", "{E39AF610-69C2-4BF1-B24F-B09A69B42F01}"
EndProject
Global
	GlobalSection(SolutionConfigurationPlatforms) = preSolution
		Debug|Any CPU = Debug|Any CPU
		Release|Any CPU = Release|Any CPU
	EndGlobalSection
	GlobalSection(ProjectConfigurationPlatforms) = postSolution
		{36318432-0F06-41C8-AFE2-3F8FD3A256DC}.Debug|Any CPU.ActiveCfg = Debug|Any CPU
		{36318432-0F06-41C8-AFE2-3F8FD3A256DC}.Debug|Any CPU.Build.0 = Debug|Any CPU
		{36318432-0F06-41C8-AFE2-3F8FD3A256DC}.Release|Any CPU.ActiveCfg = Release|Any CPU
		{36318432-0F06-41C8-AFE2-3F8FD3A256DC}.Release|Any CPU.Build.0 = Release|Any CPU
		{DEB1C08C-6E02-4EA0-92FC-51BD22163A2C}.Debug|Any CPU.ActiveCfg = Debug|Any CPU
		{DEB1C08C-6E02-4EA0-92FC-51BD22163A2C}.Debug|Any CPU.Build.0 = Debug|Any CPU
		{DEB1C08C-6E02-4EA0-92FC-51BD22163A2C}.Release|Any CPU.ActiveCfg = Release|Any CPU
		{DEB1C08C-6E02-4EA0-92FC-51BD22163A2C}.Release|Any CPU.Build.0 = Release|Any CPU
		{E39AF610-69C2-4BF1-B24F-B09A69B42F01}.Debug|Any CPU.ActiveCfg = Debug|Any CPU
		{E39AF610-69C2-4BF1-B24F-B09A69B42F01}.Debug|Any CPU.Build.0 = Debug|Any CPU
		{E39AF610-69C2-4BF1-B24F-B09A69B42F01}.Release|Any CPU.ActiveCfg = Release|Any CPU
		{E39AF610-69C2-4BF1-B24F-B09A69B42F01}.Release|Any CPU.Build.0 = Release|Any CPU
	EndGlobalSection
	GlobalSection(SolutionProperties) = preSolution
		HideSolutionNode = FALSE
	EndGlobalSection
	GlobalSection(NestedProjects) = preSolution
		{36318432-0F06-41C8-AFE2-3F8FD3A256DC} = {9CBCE2CD-6709-44EE-A50A-DCA4D1AA52A8}
		{DEB1C08C-6E02-4EA0-92FC-51BD22163A2C} = {7A2F518C-DAFB-4DF2-98DF-2206C3CFD9ED}
		{E39AF610-69C2-4BF1-B24F-B09A69B42F01} = {7A2F518C-DAFB-4DF2-98DF-2206C3CFD9ED}
	EndGlobalSection
	GlobalSection(ExtensibilityGlobals) = postSolution
		SolutionGuid = {8850D4EC-CEF2-4966-885F-CA4D941A5B15}
	EndGlobalSection
EndGlobal
